
Microsoft Visual Studio Solution File, Format Version 12.00
# Visual Studio 15
VisualStudioVersion = 15.0.28010.2041
MinimumVisualStudioVersion = 10.0.40219.1
Project("{FAE04EC0-301F-11D3-BF4B-00C04F79EFBC}") = "01_Calc", "01_Calc\01_Calc.csproj", "{A0982A93-D81C-435B-AC27-31B4E05F8FB1}"
EndProject
Global
	GlobalSection(SolutionConfigurationPlatforms) = preSolution
		Debug|Any CPU = Debug|Any CPU
		Release|Any CPU = Release|Any CPU
	EndGlobalSection
	GlobalSection(ProjectConfigurationPlatforms) = postSolution
		{A0982A93-D81C-435B-AC27-31B4E05F8FB1}.Debug|Any CPU.ActiveCfg = Debug|Any CPU
		{A0982A93-D81C-435B-AC27-31B4E05F8FB1}.Debug|Any CPU.Build.0 = Debug|Any CPU
		{A0982A93-D81C-435B-AC27-31B4E05F8FB1}.Release|Any CPU.ActiveCfg = Release|Any CPU
		{A0982A93-D81C-435B-AC27-31B4E05F8FB1}.Release|Any CPU.Build.0 = Release|Any CPU
	EndGlobalSection
	GlobalSection(SolutionProperties) = preSolution
		HideSolutionNode = FALSE
	EndGlobalSection
	GlobalSection(ExtensibilityGlobals) = postSolution
		SolutionGuid = {4C15B0A5-4986-4AF5-9038-3A5A1D83121B}
	EndGlobalSection
EndGlobal
